
Microsoft Visual Studio Solution File, Format Version 12.00
# Visual Studio Version 16
VisualStudioVersion = 16.0.30907.101
MinimumVisualStudioVersion = 10.0.40219.1
Project("{FAE04EC0-301F-11D3-BF4B-00C04F79EFBC}") = "DemoCollab", "DemoCollab.csproj", "{5B7CC102-97BF-485F-8CBB-62BECF53D987}"
EndProject
Global
	GlobalSection(SolutionConfigurationPlatforms) = preSolution
		Debug|Any CPU = Debug|Any CPU
		Release|Any CPU = Release|Any CPU
	EndGlobalSection
	GlobalSection(ProjectConfigurationPlatforms) = postSolution
		{5B7CC102-97BF-485F-8CBB-62BECF53D987}.Debug|Any CPU.ActiveCfg = Debug|Any CPU
		{5B7CC102-97BF-485F-8CBB-62BECF53D987}.Debug|Any CPU.Build.0 = Debug|Any CPU
		{5B7CC102-97BF-485F-8CBB-62BECF53D987}.Release|Any CPU.ActiveCfg = Release|Any CPU
		{5B7CC102-97BF-485F-8CBB-62BECF53D987}.Release|Any CPU.Build.0 = Release|Any CPU
	EndGlobalSection
	GlobalSection(SolutionProperties) = preSolution
		HideSolutionNode = FALSE
	EndGlobalSection
	GlobalSection(ExtensibilityGlobals) = postSolution
		SolutionGuid = {24F937A8-523D-4A3A-B028-96E29B139D21}
	EndGlobalSection
EndGlobal
